
Microsoft Visual Studio Solution File, Format Version 12.00
# Visual Studio 15
VisualStudioVersion = 15.0.28307.645
MinimumVisualStudioVersion = 10.0.40219.1
Project("{FAE04EC0-301F-11D3-BF4B-00C04F79EFBC}") = "Diary", "Diary\Diary.csproj", "{8F73F913-CD1B-46AD-B68E-05645C0E5E8C}"
EndProject
Global
	GlobalSection(SolutionConfigurationPlatforms) = preSolution
		Debug|Any CPU = Debug|Any CPU
		Release|Any CPU = Release|Any CPU
	EndGlobalSection
	GlobalSection(ProjectConfigurationPlatforms) = postSolution
		{8F73F913-CD1B-46AD-B68E-05645C0E5E8C}.Debug|Any CPU.ActiveCfg = Debug|Any CPU
		{8F73F913-CD1B-46AD-B68E-05645C0E5E8C}.Debug|Any CPU.Build.0 = Debug|Any CPU
		{8F73F913-CD1B-46AD-B68E-05645C0E5E8C}.Release|Any CPU.ActiveCfg = Release|Any CPU
		{8F73F913-CD1B-46AD-B68E-05645C0E5E8C}.Release|Any CPU.Build.0 = Release|Any CPU
	EndGlobalSection
	GlobalSection(SolutionProperties) = preSolution
		HideSolutionNode = FALSE
	EndGlobalSection
	GlobalSection(ExtensibilityGlobals) = postSolution
		SolutionGuid = {6115CD19-1281-41D5-BCE5-F8CBCA7C764E}
	EndGlobalSection
EndGlobal
